
Microsoft Visual Studio Solution File, Format Version 12.00
# Visual Studio Version 16
VisualStudioVersion = 16.0.34407.143
MinimumVisualStudioVersion = 10.0.40219.1
Project("{FAE04EC0-301F-11D3-BF4B-00C04F79EFBC}") = "VemDeZap", "VemDeZap\VemDeZap.csproj", "{5FE01FFB-D051-4DBD-84EA-EDE9F26076FF}"
EndProject
Global
	GlobalSection(SolutionConfigurationPlatforms) = preSolution
		Debug|Any CPU = Debug|Any CPU
		Release|Any CPU = Release|Any CPU
	EndGlobalSection
	GlobalSection(ProjectConfigurationPlatforms) = postSolution
		{5FE01FFB-D051-4DBD-84EA-EDE9F26076FF}.Debug|Any CPU.ActiveCfg = Debug|Any CPU
		{5FE01FFB-D051-4DBD-84EA-EDE9F26076FF}.Debug|Any CPU.Build.0 = Debug|Any CPU
		{5FE01FFB-D051-4DBD-84EA-EDE9F26076FF}.Release|Any CPU.ActiveCfg = Release|Any CPU
		{5FE01FFB-D051-4DBD-84EA-EDE9F26076FF}.Release|Any CPU.Build.0 = Release|Any CPU
	EndGlobalSection
	GlobalSection(SolutionProperties) = preSolution
		HideSolutionNode = FALSE
	EndGlobalSection
	GlobalSection(ExtensibilityGlobals) = postSolution
		SolutionGuid = {50F2A32C-B02F-48B1-B898-DDFB6D099E70}
	EndGlobalSection
EndGlobal
